
Microsoft Visual Studio Solution File, Format Version 12.00
# Visual Studio Version 17
VisualStudioVersion = 17.11.35208.52
MinimumVisualStudioVersion = 10.0.40219.1
Project("{FAE04EC0-301F-11D3-BF4B-00C04F79EFBC}") = "LSWindowStateManager", "LSWindowStateManager.csproj", "{237BC852-4BAB-409F-AA18-8F5A49B3A45B}"
EndProject
Global
	GlobalSection(SolutionConfigurationPlatforms) = preSolution
		Debug|Any CPU = Debug|Any CPU
		Release|Any CPU = Release|Any CPU
	EndGlobalSection
	GlobalSection(ProjectConfigurationPlatforms) = postSolution
		{237BC852-4BAB-409F-AA18-8F5A49B3A45B}.Debug|Any CPU.ActiveCfg = Debug|Any CPU
		{237BC852-4BAB-409F-AA18-8F5A49B3A45B}.Debug|Any CPU.Build.0 = Debug|Any CPU
		{237BC852-4BAB-409F-AA18-8F5A49B3A45B}.Release|Any CPU.ActiveCfg = Release|Any CPU
		{237BC852-4BAB-409F-AA18-8F5A49B3A45B}.Release|Any CPU.Build.0 = Release|Any CPU
	EndGlobalSection
	GlobalSection(SolutionProperties) = preSolution
		HideSolutionNode = FALSE
	EndGlobalSection
	GlobalSection(ExtensibilityGlobals) = postSolution
		SolutionGuid = {C36999F4-60B4-4EF8-8771-57B95585365A}
	EndGlobalSection
EndGlobal
